// !$*UTF8*$!
{
	archiveVersion = 1;
	classes = {
	};
	objectVersion = 55;
	objects = {

/* Begin PBXBuildFile section */
		E83A7B9F27E8F404005CC344 /* TableViewCell.xib in Resources */ = {isa = PBXBuildFile; fileRef = E83A7B9E27E8F404005CC344 /* TableViewCell.xib */; };
		E855373F27EA225F00BE967F /* DataLoader.swift in Sources */ = {isa = PBXBuildFile; fileRef = E855373E27EA225F00BE967F /* DataLoader.swift */; };
		E855374127EA228900BE967F /* DataParser.swift in Sources */ = {isa = PBXBuildFile; fileRef = E855374027EA228900BE967F /* DataParser.swift */; };
		E8B13DD927E875DD00651630 /* Main.storyboard in Resources */ = {isa = PBXBuildFile; fileRef = E8B13DD827E875DD00651630 /* Main.storyboard */; };
		E8BE527927F1E3DF0034AD96 /* PostCellModel.swift in Sources */ = {isa = PBXBuildFile; fileRef = E8BE527827F1E3DF0034AD96 /* PostCellModel.swift */; };
		EB6BBFBC27E8656400A5D8DB /* TableViewCell.swift in Sources */ = {isa = PBXBuildFile; fileRef = EB6BBFBB27E8656400A5D8DB /* TableViewCell.swift */; };
		EB715D0F27F0C91D0075E9CA /* UILabel+NumberOfLines.swift in Sources */ = {isa = PBXBuildFile; fileRef = EB715D0E27F0C91D0075E9CA /* UILabel+NumberOfLines.swift */; };
		EBC3A63D27E32A8300150382 /* AppDelegate.swift in Sources */ = {isa = PBXBuildFile; fileRef = EBC3A63C27E32A8300150382 /* AppDelegate.swift */; };
		EBC3A63F27E32A8300150382 /* SceneDelegate.swift in Sources */ = {isa = PBXBuildFile; fileRef = EBC3A63E27E32A8300150382 /* SceneDelegate.swift */; };
		EBC3A64627E32A8500150382 /* Assets.xcassets in Resources */ = {isa = PBXBuildFile; fileRef = EBC3A64527E32A8500150382 /* Assets.xcassets */; };
		EBC3A64927E32A8500150382 /* LaunchScreen.storyboard in Resources */ = {isa = PBXBuildFile; fileRef = EBC3A64727E32A8500150382 /* LaunchScreen.storyboard */; };
		EBC3A65327E32C0000150382 /* Post.swift in Sources */ = {isa = PBXBuildFile; fileRef = EBC3A65227E32C0000150382 /* Post.swift */; };
		EBC3A65527E32D6A00150382 /* DataModel.swift in Sources */ = {isa = PBXBuildFile; fileRef = EBC3A65427E32D6A00150382 /* DataModel.swift */; };
		EBC3A65727E397B500150382 /* TableViewController.swift in Sources */ = {isa = PBXBuildFile; fileRef = EBC3A65627E397B500150382 /* TableViewController.swift */; };
		EBC3A66127E3B75C00150382 /* OnePostsViewController.swift in Sources */ = {isa = PBXBuildFile; fileRef = EBC3A66027E3B75C00150382 /* OnePostsViewController.swift */; };
/* End PBXBuildFile section */

/* Begin PBXFileReference section */
		E83A7B9E27E8F404005CC344 /* TableViewCell.xib */ = {isa = PBXFileReference; lastKnownFileType = file.xib; path = TableViewCell.xib; sourceTree = "<group>"; };
		E855373E27EA225F00BE967F /* DataLoader.swift */ = {isa = PBXFileReference; lastKnownFileType = sourcecode.swift; path = DataLoader.swift; sourceTree = "<group>"; };
		E855374027EA228900BE967F /* DataParser.swift */ = {isa = PBXFileReference; lastKnownFileType = sourcecode.swift; path = DataParser.swift; sourceTree = "<group>"; };
		E8B13DD827E875DD00651630 /* Main.storyboard */ = {isa = PBXFileReference; fileEncoding = 4; lastKnownFileType = file.storyboard; path = Main.storyboard; sourceTree = "<group>"; };
		E8BE527827F1E3DF0034AD96 /* PostCellModel.swift */ = {isa = PBXFileReference; lastKnownFileType = sourcecode.swift; path = PostCellModel.swift; sourceTree = "<group>"; };
		EB4A8B8927ECB3FB0074E729 /* en */ = {isa = PBXFileReference; lastKnownFileType = text.plist.xml; name = en; path = en.lproj/Info.plist; sourceTree = "<group>"; };
		EB6BBFBB27E8656400A5D8DB /* TableViewCell.swift */ = {isa = PBXFileReference; lastKnownFileType = sourcecode.swift; path = TableViewCell.swift; sourceTree = "<group>"; };
		EB715D0E27F0C91D0075E9CA /* UILabel+NumberOfLines.swift */ = {isa = PBXFileReference; lastKnownFileType = sourcecode.swift; path = "UILabel+NumberOfLines.swift"; sourceTree = "<group>"; };
		EBC3A63927E32A8300150382 /* PostsNew.app */ = {isa = PBXFileReference; explicitFileType = wrapper.application; includeInIndex = 0; path = PostsNew.app; sourceTree = BUILT_PRODUCTS_DIR; };
		EBC3A63C27E32A8300150382 /* AppDelegate.swift */ = {isa = PBXFileReference; lastKnownFileType = sourcecode.swift; path = AppDelegate.swift; sourceTree = "<group>"; };
		EBC3A63E27E32A8300150382 /* SceneDelegate.swift */ = {isa = PBXFileReference; lastKnownFileType = sourcecode.swift; path = SceneDelegate.swift; sourceTree = "<group>"; };
		EBC3A64527E32A8500150382 /* Assets.xcassets */ = {isa = PBXFileReference; lastKnownFileType = folder.assetcatalog; path = Assets.xcassets; sourceTree = "<group>"; };
		EBC3A64827E32A8500150382 /* Base */ = {isa = PBXFileReference; lastKnownFileType = file.storyboard; name = Base; path = Base.lproj/LaunchScreen.storyboard; sourceTree = "<group>"; };
		EBC3A65227E32C0000150382 /* Post.swift */ = {isa = PBXFileReference; lastKnownFileType = sourcecode.swift; path = Post.swift; sourceTree = "<group>"; };
		EBC3A65427E32D6A00150382 /* DataModel.swift */ = {isa = PBXFileReference; lastKnownFileType = sourcecode.swift; path = DataModel.swift; sourceTree = "<group>"; };
		EBC3A65627E397B500150382 /* TableViewController.swift */ = {isa = PBXFileReference; lastKnownFileType = sourcecode.swift; path = TableViewController.swift; sourceTree = "<group>"; };
		EBC3A66027E3B75C00150382 /* OnePostsViewController.swift */ = {isa = PBXFileReference; lastKnownFileType = sourcecode.swift; path = OnePostsViewController.swift; sourceTree = "<group>"; };
/* End PBXFileReference section */

/* Begin PBXFrameworksBuildPhase section */
		EBC3A63627E32A8300150382 /* Frameworks */ = {
			isa = PBXFrameworksBuildPhase;
			buildActionMask = 2147483647;
			files = (
			);
			runOnlyForDeploymentPostprocessing = 0;
		};
/* End PBXFrameworksBuildPhase section */

/* Begin PBXGroup section */
		EBC3A63027E32A8300150382 = {
			isa = PBXGroup;
			children = (
				EBC3A63B27E32A8300150382 /* PostsNew */,
				EBC3A63A27E32A8300150382 /* Products */,
			);
			sourceTree = "<group>";
		};
		EBC3A63A27E32A8300150382 /* Products */ = {
			isa = PBXGroup;
			children = (
				EBC3A63927E32A8300150382 /* PostsNew.app */,
			);
			name = Products;
			sourceTree = "<group>";
		};
		EBC3A63B27E32A8300150382 /* PostsNew */ = {
			isa = PBXGroup;
			children = (
				EBC3A63C27E32A8300150382 /* AppDelegate.swift */,
				E8B13DD827E875DD00651630 /* Main.storyboard */,
				EBC3A65027E32BCD00150382 /* Model */,
				EBC3A63E27E32A8300150382 /* SceneDelegate.swift */,
				EBC3A65627E397B500150382 /* TableViewController.swift */,
				EB6BBFBB27E8656400A5D8DB /* TableViewCell.swift */,
				EB715D0E27F0C91D0075E9CA /* UILabel+NumberOfLines.swift */,
				E83A7B9E27E8F404005CC344 /* TableViewCell.xib */,
				EBC3A66027E3B75C00150382 /* OnePostsViewController.swift */,
				EBC3A64527E32A8500150382 /* Assets.xcassets */,
				EBC3A64727E32A8500150382 /* LaunchScreen.storyboard */,
				EB4A8B8827ECB3F80074E729 /* Info.plist */,
			);
			name = PostsNew;
			sourceTree = "<group>";
		};
		EBC3A65027E32BCD00150382 /* Model */ = {
			isa = PBXGroup;
			children = (
				EBC3A65227E32C0000150382 /* Post.swift */,
				EBC3A65427E32D6A00150382 /* DataModel.swift */,
				E855373E27EA225F00BE967F /* DataLoader.swift */,
				E855374027EA228900BE967F /* DataParser.swift */,
				E8BE527827F1E3DF0034AD96 /* PostCellModel.swift */,
			);
			path = Model;
			sourceTree = "<group>";
		};
/* End PBXGroup section */

/* Begin PBXNativeTarget section */
		EBC3A63827E32A8300150382 /* PostsNew */ = {
			isa = PBXNativeTarget;
			buildConfigurationList = EBC3A64D27E32A8500150382 /* Build configuration list for PBXNativeTarget "PostsNew" */;
			buildPhases = (
				EBC3A63527E32A8300150382 /* Sources */,
				EBC3A63627E32A8300150382 /* Frameworks */,
				EBC3A63727E32A8300150382 /* Resources */,
			);
			buildRules = (
			);
			dependencies = (
			);
			name = PostsNew;
			productName = PostsNew;
			productReference = EBC3A63927E32A8300150382 /* PostsNew.app */;
			productType = "com.apple.product-type.application";
		};
/* End PBXNativeTarget section */

/* Begin PBXProject section */
		EBC3A63127E32A8300150382 /* Project object */ = {
			isa = PBXProject;
			attributes = {
				BuildIndependentTargetsInParallel = 1;
				LastSwiftUpdateCheck = 1320;
				LastUpgradeCheck = 1320;
				TargetAttributes = {
					EBC3A63827E32A8300150382 = {
						CreatedOnToolsVersion = 13.2.1;
					};
				};
			};
			buildConfigurationList = EBC3A63427E32A8300150382 /* Build configuration list for PBXProject "PostsNew" */;
			compatibilityVersion = "Xcode 13.0";
			developmentRegion = en;
			hasScannedForEncodings = 0;
			knownRegions = (
				en,
				Base,
			);
			mainGroup = EBC3A63027E32A8300150382;
			productRefGroup = EBC3A63A27E32A8300150382 /* Products */;
			projectDirPath = "";
			projectRoot = "";
			targets = (
				EBC3A63827E32A8300150382 /* PostsNew */,
			);
		};
/* End PBXProject section */

/* Begin PBXResourcesBuildPhase section */
		EBC3A63727E32A8300150382 /* Resources */ = {
			isa = PBXResourcesBuildPhase;
			buildActionMask = 2147483647;
			files = (
				E8B13DD927E875DD00651630 /* Main.storyboard in Resources */,
				E83A7B9F27E8F404005CC344 /* TableViewCell.xib in Resources */,
				EBC3A64927E32A8500150382 /* LaunchScreen.storyboard in Resources */,
				EBC3A64627E32A8500150382 /* Assets.xcassets in Resources */,
			);
			runOnlyForDeploymentPostprocessing = 0;
		};
/* End PBXResourcesBuildPhase section */

/* Begin PBXSourcesBuildPhase section */
		EBC3A63527E32A8300150382 /* Sources */ = {
			isa = PBXSourcesBuildPhase;
			buildActionMask = 2147483647;
			files = (
				EBC3A65527E32D6A00150382 /* DataModel.swift in Sources */,
				EBC3A66127E3B75C00150382 /* OnePostsViewController.swift in Sources */,
				EBC3A65327E32C0000150382 /* Post.swift in Sources */,
				EBC3A63D27E32A8300150382 /* AppDelegate.swift in Sources */,
				EB715D0F27F0C91D0075E9CA /* UILabel+NumberOfLines.swift in Sources */,
				E855373F27EA225F00BE967F /* DataLoader.swift in Sources */,
				EBC3A65727E397B500150382 /* TableViewController.swift in Sources */,
				EB6BBFBC27E8656400A5D8DB /* TableViewCell.swift in Sources */,
				EBC3A63F27E32A8300150382 /* SceneDelegate.swift in Sources */,
				E8BE527927F1E3DF0034AD96 /* PostCellModel.swift in Sources */,
				E855374127EA228900BE967F /* DataParser.swift in Sources */,
			);
			runOnlyForDeploymentPostprocessing = 0;
		};
/* End PBXSourcesBuildPhase section */

/* Begin PBXVariantGroup section */
		EB4A8B8827ECB3F80074E729 /* Info.plist */ = {
			isa = PBXVariantGroup;
			children = (
				EB4A8B8927ECB3FB0074E729 /* en */,
			);
			name = Info.plist;
			sourceTree = "<group>";
		};
		EBC3A64727E32A8500150382 /* LaunchScreen.storyboard */ = {
			isa = PBXVariantGroup;
			children = (
				EBC3A64827E32A8500150382 /* Base */,
			);
			name = LaunchScreen.storyboard;
			sourceTree = "<group>";
		};
/* End PBXVariantGroup section */

/* Begin XCBuildConfiguration section */
		EBC3A64B27E32A8500150382 /* Debug */ = {
			isa = XCBuildConfiguration;
			buildSettings = {
				ALWAYS_SEARCH_USER_PATHS = NO;
				CLANG_ANALYZER_NONNULL = YES;
				CLANG_ANALYZER_NUMBER_OBJECT_CONVERSION = YES_AGGRESSIVE;
				CLANG_CXX_LANGUAGE_STANDARD = "gnu++17";
				CLANG_CXX_LIBRARY = "libc++";
				CLANG_ENABLE_MODULES = YES;
				CLANG_ENABLE_OBJC_ARC = YES;
				CLANG_ENABLE_OBJC_WEAK = YES;
				CLANG_WARN_BLOCK_CAPTURE_AUTORELEASING = YES;
				CLANG_WARN_BOOL_CONVERSION = YES;
				CLANG_WARN_COMMA = YES;
				CLANG_WARN_CONSTANT_CONVERSION = YES;
				CLANG_WARN_DEPRECATED_OBJC_IMPLEMENTATIONS = YES;
				CLANG_WARN_DIRECT_OBJC_ISA_USAGE = YES_ERROR;
				CLANG_WARN_DOCUMENTATION_COMMENTS = YES;
				CLANG_WARN_EMPTY_BODY = YES;
				CLANG_WARN_ENUM_CONVERSION = YES;
				CLANG_WARN_INFINITE_RECURSION = YES;
				CLANG_WARN_INT_CONVERSION = YES;
				CLANG_WARN_NON_LITERAL_NULL_CONVERSION = YES;
				CLANG_WARN_OBJC_IMPLICIT_RETAIN_SELF = YES;
				CLANG_WARN_OBJC_LITERAL_CONVERSION = YES;
				CLANG_WARN_OBJC_ROOT_CLASS = YES_ERROR;
				CLANG_WARN_QUOTED_INCLUDE_IN_FRAMEWORK_HEADER = YES;
				CLANG_WARN_RANGE_LOOP_ANALYSIS = YES;
				CLANG_WARN_STRICT_PROTOTYPES = YES;
				CLANG_WARN_SUSPICIOUS_MOVE = YES;
				CLANG_WARN_UNGUARDED_AVAILABILITY = YES_AGGRESSIVE;
				CLANG_WARN_UNREACHABLE_CODE = YES;
				CLANG_WARN__DUPLICATE_METHOD_MATCH = YES;
				COPY_PHASE_STRIP = NO;
				DEBUG_INFORMATION_FORMAT = dwarf;
				ENABLE_STRICT_OBJC_MSGSEND = YES;
				ENABLE_TESTABILITY = YES;
				GCC_C_LANGUAGE_STANDARD = gnu11;
				GCC_DYNAMIC_NO_PIC = NO;
				GCC_NO_COMMON_BLOCKS = YES;
				GCC_OPTIMIZATION_LEVEL = 0;
				GCC_PREPROCESSOR_DEFINITIONS = (
					"DEBUG=1",
					"$(inherited)",
				);
				GCC_WARN_64_TO_32_BIT_CONVERSION = YES;
				GCC_WARN_ABOUT_RETURN_TYPE = YES_ERROR;
				GCC_WARN_UNDECLARED_SELECTOR = YES;
				GCC_WARN_UNINITIALIZED_AUTOS = YES_AGGRESSIVE;
				GCC_WARN_UNUSED_FUNCTION = YES;
				GCC_WARN_UNUSED_VARIABLE = YES;
				INFOPLIST_FILE = info.plist;
				IPHONEOS_DEPLOYMENT_TARGET = 14.0;
				MTL_ENABLE_DEBUG_INFO = INCLUDE_SOURCE;
				MTL_FAST_MATH = YES;
				ONLY_ACTIVE_ARCH = YES;
				SDKROOT = iphoneos;
				SWIFT_ACTIVE_COMPILATION_CONDITIONS = DEBUG;
				SWIFT_OPTIMIZATION_LEVEL = "-Onone";
			};
			name = Debug;
		};
		EBC3A64C27E32A8500150382 /* Release */ = {
			isa = XCBuildConfiguration;
			buildSettings = {
				ALWAYS_SEARCH_USER_PATHS = NO;
				CLANG_ANALYZER_NONNULL = YES;
				CLANG_ANALYZER_NUMBER_OBJECT_CONVERSION = YES_AGGRESSIVE;
				CLANG_CXX_LANGUAGE_STANDARD = "gnu++17";
				CLANG_CXX_LIBRARY = "libc++";
				CLANG_ENABLE_MODULES = YES;
				CLANG_ENABLE_OBJC_ARC = YES;
				CLANG_ENABLE_OBJC_WEAK = YES;
				CLANG_WARN_BLOCK_CAPTURE_AUTORELEASING = YES;
				CLANG_WARN_BOOL_CONVERSION = YES;
				CLANG_WARN_COMMA = YES;
				CLANG_WARN_CONSTANT_CONVERSION = YES;
				CLANG_WARN_DEPRECATED_OBJC_IMPLEMENTATIONS = YES;
				CLANG_WARN_DIRECT_OBJC_ISA_USAGE = YES_ERROR;
				CLANG_WARN_DOCUMENTATION_COMMENTS = YES;
				CLANG_WARN_EMPTY_BODY = YES;
				CLANG_WARN_ENUM_CONVERSION = YES;
				CLANG_WARN_INFINITE_RECURSION = YES;
				CLANG_WARN_INT_CONVERSION = YES;
				CLANG_WARN_NON_LITERAL_NULL_CONVERSION = YES;
				CLANG_WARN_OBJC_IMPLICIT_RETAIN_SELF = YES;
				CLANG_WARN_OBJC_LITERAL_CONVERSION = YES;
				CLANG_WARN_OBJC_ROOT_CLASS = YES_ERROR;
				CLANG_WARN_QUOTED_INCLUDE_IN_FRAMEWORK_HEADER = YES;
				CLANG_WARN_RANGE_LOOP_ANALYSIS = YES;
				CLANG_WARN_STRICT_PROTOTYPES = YES;
				CLANG_WARN_SUSPICIOUS_MOVE = YES;
				CLANG_WARN_UNGUARDED_AVAILABILITY = YES_AGGRESSIVE;
				CLANG_WARN_UNREACHABLE_CODE = YES;
				CLANG_WARN__DUPLICATE_METHOD_MATCH = YES;
				COPY_PHASE_STRIP = NO;
				DEBUG_INFORMATION_FORMAT = "dwarf-with-dsym";
				ENABLE_NS_ASSERTIONS = NO;
				ENABLE_STRICT_OBJC_MSGSEND = YES;
				GCC_C_LANGUAGE_STANDARD = gnu11;
				GCC_NO_COMMON_BLOCKS = YES;
				GCC_WARN_64_TO_32_BIT_CONVERSION = YES;
				GCC_WARN_ABOUT_RETURN_TYPE = YES_ERROR;
				GCC_WARN_UNDECLARED_SELECTOR = YES;
				GCC_WARN_UNINITIALIZED_AUTOS = YES_AGGRESSIVE;
				GCC_WARN_UNUSED_FUNCTION = YES;
				GCC_WARN_UNUSED_VARIABLE = YES;
				INFOPLIST_FILE = info.plist;
				"INFOPLIST_FILE[sdk=*]" = "";
				IPHONEOS_DEPLOYMENT_TARGET = 14.0;
				MTL_ENABLE_DEBUG_INFO = NO;
				MTL_FAST_MATH = YES;
				SDKROOT = iphoneos;
				SWIFT_COMPILATION_MODE = wholemodule;
				SWIFT_OPTIMIZATION_LEVEL = "-O";
				VALIDATE_PRODUCT = YES;
			};
			name = Release;
		};
		EBC3A64E27E32A8500150382 /* Debug */ = {
			isa = XCBuildConfiguration;
			buildSettings = {
				ASSETCATALOG_COMPILER_APPICON_NAME = AppIcon;
				ASSETCATALOG_COMPILER_GLOBAL_ACCENT_COLOR_NAME = AccentColor;
				CODE_SIGN_STYLE = Automatic;
				CURRENT_PROJECT_VERSION = 1;
				DEVELOPMENT_TEAM = RZ6BP29PRF;
				GENERATE_INFOPLIST_FILE = YES;
				INFOPLIST_KEY_UIApplicationSupportsIndirectInputEvents = YES;
				INFOPLIST_KEY_UILaunchStoryboardName = LaunchScreen;
				INFOPLIST_KEY_UIMainStoryboardFile = Main;
				INFOPLIST_KEY_UISupportedInterfaceOrientations_iPad = "UIInterfaceOrientationPortrait UIInterfaceOrientationPortraitUpsideDown UIInterfaceOrientationLandscapeLeft UIInterfaceOrientationLandscapeRight";
				INFOPLIST_KEY_UISupportedInterfaceOrientations_iPhone = "UIInterfaceOrientationPortrait UIInterfaceOrientationLandscapeLeft UIInterfaceOrientationLandscapeRight";
				LD_RUNPATH_SEARCH_PATHS = (
					"$(inherited)",
					"@executable_path/Frameworks",
				);
				MARKETING_VERSION = 1.0;
				PRODUCT_BUNDLE_IDENTIFIER = gilbert.PostsNew;
				PRODUCT_NAME = "$(TARGET_NAME)";
				SWIFT_EMIT_LOC_STRINGS = YES;
				SWIFT_VERSION = 5.0;
				TARGETED_DEVICE_FAMILY = "1,2";
			};
			name = Debug;
		};
		EBC3A64F27E32A8500150382 /* Release */ = {
			isa = XCBuildConfiguration;
			buildSettings = {
				ASSETCATALOG_COMPILER_APPICON_NAME = AppIcon;
				ASSETCATALOG_COMPILER_GLOBAL_ACCENT_COLOR_NAME = AccentColor;
				CODE_SIGN_STYLE = Automatic;
				CURRENT_PROJECT_VERSION = 1;
				DEVELOPMENT_TEAM = RZ6BP29PRF;
				GENERATE_INFOPLIST_FILE = YES;
				INFOPLIST_KEY_UIApplicationSupportsIndirectInputEvents = YES;
				INFOPLIST_KEY_UILaunchStoryboardName = LaunchScreen;
				INFOPLIST_KEY_UIMainStoryboardFile = Main;
				INFOPLIST_KEY_UISupportedInterfaceOrientations_iPad = "UIInterfaceOrientationPortrait UIInterfaceOrientationPortraitUpsideDown UIInterfaceOrientationLandscapeLeft UIInterfaceOrientationLandscapeRight";
				INFOPLIST_KEY_UISupportedInterfaceOrientations_iPhone = "UIInterfaceOrientationPortrait UIInterfaceOrientationLandscapeLeft UIInterfaceOrientationLandscapeRight";
				LD_RUNPATH_SEARCH_PATHS = (
					"$(inherited)",
					"@executable_path/Frameworks",
				);
				MARKETING_VERSION = 1.0;
				PRODUCT_BUNDLE_IDENTIFIER = gilbert.PostsNew;
				PRODUCT_NAME = "$(TARGET_NAME)";
				SWIFT_EMIT_LOC_STRINGS = YES;
				SWIFT_VERSION = 5.0;
				TARGETED_DEVICE_FAMILY = "1,2";
			};
			name = Release;
		};
/* End XCBuildConfiguration section */

/* Begin XCConfigurationList section */
		EBC3A63427E32A8300150382 /* Build configuration list for PBXProject "PostsNew" */ = {
			isa = XCConfigurationList;
			buildConfigurations = (
				EBC3A64B27E32A8500150382 /* Debug */,
				EBC3A64C27E32A8500150382 /* Release */,
			);
			defaultConfigurationIsVisible = 0;
			defaultConfigurationName = Release;
		};
		EBC3A64D27E32A8500150382 /* Build configuration list for PBXNativeTarget "PostsNew" */ = {
			isa = XCConfigurationList;
			buildConfigurations = (
				EBC3A64E27E32A8500150382 /* Debug */,
				EBC3A64F27E32A8500150382 /* Release */,
			);
			defaultConfigurationIsVisible = 0;
			defaultConfigurationName = Release;
		};
/* End XCConfigurationList section */
	};
	rootObject = EBC3A63127E32A8300150382 /* Project object */;
}
